
Microsoft Visual Studio Solution File, Format Version 12.00
# Visual Studio 15
VisualStudioVersion = 15.0.27703.2035
MinimumVisualStudioVersion = 10.0.40219.1
Project("{FAE04EC0-301F-11D3-BF4B-00C04F79EFBC}") = "Tables_Program", "Tables_Program\Tables_Program.csproj", "{418F1572-D693-4222-A182-FBEDBEBC4C8C}"
EndProject
Global
	GlobalSection(SolutionConfigurationPlatforms) = preSolution
		Debug|Any CPU = Debug|Any CPU
		Release|Any CPU = Release|Any CPU
	EndGlobalSection
	GlobalSection(ProjectConfigurationPlatforms) = postSolution
		{418F1572-D693-4222-A182-FBEDBEBC4C8C}.Debug|Any CPU.ActiveCfg = Debug|Any CPU
		{418F1572-D693-4222-A182-FBEDBEBC4C8C}.Debug|Any CPU.Build.0 = Debug|Any CPU
		{418F1572-D693-4222-A182-FBEDBEBC4C8C}.Release|Any CPU.ActiveCfg = Release|Any CPU
		{418F1572-D693-4222-A182-FBEDBEBC4C8C}.Release|Any CPU.Build.0 = Release|Any CPU
	EndGlobalSection
	GlobalSection(SolutionProperties) = preSolution
		HideSolutionNode = FALSE
	EndGlobalSection
	GlobalSection(ExtensibilityGlobals) = postSolution
		SolutionGuid = {09C72FC3-FB07-4FC9-8682-E2358C618D1E}
	EndGlobalSection
EndGlobal
