
Microsoft Visual Studio Solution File, Format Version 12.00
# Visual Studio 15
VisualStudioVersion = 15.0.27703.2035
MinimumVisualStudioVersion = 10.0.40219.1
Project("{FAE04EC0-301F-11D3-BF4B-00C04F79EFBC}") = "Assemblies_and_Namespaces", "Assemblies_and_Namespaces\Assemblies_and_Namespaces.csproj", "{80877BA3-B0F0-4F69-926B-7F76178AB0EA}"
EndProject
Global
	GlobalSection(SolutionConfigurationPlatforms) = preSolution
		Debug|Any CPU = Debug|Any CPU
		Release|Any CPU = Release|Any CPU
	EndGlobalSection
	GlobalSection(ProjectConfigurationPlatforms) = postSolution
		{80877BA3-B0F0-4F69-926B-7F76178AB0EA}.Debug|Any CPU.ActiveCfg = Debug|Any CPU
		{80877BA3-B0F0-4F69-926B-7F76178AB0EA}.Debug|Any CPU.Build.0 = Debug|Any CPU
		{80877BA3-B0F0-4F69-926B-7F76178AB0EA}.Release|Any CPU.ActiveCfg = Release|Any CPU
		{80877BA3-B0F0-4F69-926B-7F76178AB0EA}.Release|Any CPU.Build.0 = Release|Any CPU
	EndGlobalSection
	GlobalSection(SolutionProperties) = preSolution
		HideSolutionNode = FALSE
	EndGlobalSection
	GlobalSection(ExtensibilityGlobals) = postSolution
		SolutionGuid = {F243EFBC-FD57-4F78-AB92-8BD7F76BB436}
	EndGlobalSection
EndGlobal
