
Microsoft Visual Studio Solution File, Format Version 12.00
# Visual Studio 15
VisualStudioVersion = 15.0.27703.2026
MinimumVisualStudioVersion = 10.0.40219.1
Project("{FAE04EC0-301F-11D3-BF4B-00C04F79EFBC}") = "Test_3", "Test_3\Test_3.csproj", "{8758A9C0-9E1F-4073-8B32-27F7CD1DBEB3}"
EndProject
Global
	GlobalSection(SolutionConfigurationPlatforms) = preSolution
		Debug|Any CPU = Debug|Any CPU
		Release|Any CPU = Release|Any CPU
	EndGlobalSection
	GlobalSection(ProjectConfigurationPlatforms) = postSolution
		{8758A9C0-9E1F-4073-8B32-27F7CD1DBEB3}.Debug|Any CPU.ActiveCfg = Debug|Any CPU
		{8758A9C0-9E1F-4073-8B32-27F7CD1DBEB3}.Debug|Any CPU.Build.0 = Debug|Any CPU
		{8758A9C0-9E1F-4073-8B32-27F7CD1DBEB3}.Release|Any CPU.ActiveCfg = Release|Any CPU
		{8758A9C0-9E1F-4073-8B32-27F7CD1DBEB3}.Release|Any CPU.Build.0 = Release|Any CPU
	EndGlobalSection
	GlobalSection(SolutionProperties) = preSolution
		HideSolutionNode = FALSE
	EndGlobalSection
	GlobalSection(ExtensibilityGlobals) = postSolution
		SolutionGuid = {D582D2A1-2624-474D-A3B5-CED2447EB915}
	EndGlobalSection
EndGlobal
