
Microsoft Visual Studio Solution File, Format Version 12.00
# Visual Studio 15
VisualStudioVersion = 15.0.27703.2026
MinimumVisualStudioVersion = 10.0.40219.1
Project("{FAE04EC0-301F-11D3-BF4B-00C04F79EFBC}") = "SimpleMethod", "SimpleMethod\SimpleMethod.csproj", "{5214E5EB-A425-4235-ACF9-6E5433E91705}"
EndProject
Global
	GlobalSection(SolutionConfigurationPlatforms) = preSolution
		Debug|Any CPU = Debug|Any CPU
		Release|Any CPU = Release|Any CPU
	EndGlobalSection
	GlobalSection(ProjectConfigurationPlatforms) = postSolution
		{5214E5EB-A425-4235-ACF9-6E5433E91705}.Debug|Any CPU.ActiveCfg = Debug|Any CPU
		{5214E5EB-A425-4235-ACF9-6E5433E91705}.Debug|Any CPU.Build.0 = Debug|Any CPU
		{5214E5EB-A425-4235-ACF9-6E5433E91705}.Release|Any CPU.ActiveCfg = Release|Any CPU
		{5214E5EB-A425-4235-ACF9-6E5433E91705}.Release|Any CPU.Build.0 = Release|Any CPU
	EndGlobalSection
	GlobalSection(SolutionProperties) = preSolution
		HideSolutionNode = FALSE
	EndGlobalSection
	GlobalSection(ExtensibilityGlobals) = postSolution
		SolutionGuid = {61569E59-9AFA-4C4E-9BF4-22B9895B008C}
	EndGlobalSection
EndGlobal
