
Microsoft Visual Studio Solution File, Format Version 12.00
# Visual Studio 15
VisualStudioVersion = 15.0.27703.2035
MinimumVisualStudioVersion = 10.0.40219.1
Project("{FAE04EC0-301F-11D3-BF4B-00C04F79EFBC}") = "Conditional_Control_Statements", "Conditional_Control_Statements\Conditional_Control_Statements.csproj", "{B5AFBD86-2205-43CB-84A4-2D63F0B2C290}"
EndProject
Global
	GlobalSection(SolutionConfigurationPlatforms) = preSolution
		Debug|Any CPU = Debug|Any CPU
		Release|Any CPU = Release|Any CPU
	EndGlobalSection
	GlobalSection(ProjectConfigurationPlatforms) = postSolution
		{B5AFBD86-2205-43CB-84A4-2D63F0B2C290}.Debug|Any CPU.ActiveCfg = Debug|Any CPU
		{B5AFBD86-2205-43CB-84A4-2D63F0B2C290}.Debug|Any CPU.Build.0 = Debug|Any CPU
		{B5AFBD86-2205-43CB-84A4-2D63F0B2C290}.Release|Any CPU.ActiveCfg = Release|Any CPU
		{B5AFBD86-2205-43CB-84A4-2D63F0B2C290}.Release|Any CPU.Build.0 = Release|Any CPU
	EndGlobalSection
	GlobalSection(SolutionProperties) = preSolution
		HideSolutionNode = FALSE
	EndGlobalSection
	GlobalSection(ExtensibilityGlobals) = postSolution
		SolutionGuid = {164BF87A-59FB-4945-8CF0-5BF380A83CD2}
	EndGlobalSection
EndGlobal
