
Microsoft Visual Studio Solution File, Format Version 12.00
# Visual Studio 15
VisualStudioVersion = 15.0.27703.2026
MinimumVisualStudioVersion = 10.0.40219.1
Project("{FAE04EC0-301F-11D3-BF4B-00C04F79EFBC}") = "Strings", "Strings\Strings.csproj", "{58CAE00D-9842-4624-89D8-05AA53D494B2}"
EndProject
Global
	GlobalSection(SolutionConfigurationPlatforms) = preSolution
		Debug|Any CPU = Debug|Any CPU
		Release|Any CPU = Release|Any CPU
	EndGlobalSection
	GlobalSection(ProjectConfigurationPlatforms) = postSolution
		{58CAE00D-9842-4624-89D8-05AA53D494B2}.Debug|Any CPU.ActiveCfg = Debug|Any CPU
		{58CAE00D-9842-4624-89D8-05AA53D494B2}.Debug|Any CPU.Build.0 = Debug|Any CPU
		{58CAE00D-9842-4624-89D8-05AA53D494B2}.Release|Any CPU.ActiveCfg = Release|Any CPU
		{58CAE00D-9842-4624-89D8-05AA53D494B2}.Release|Any CPU.Build.0 = Release|Any CPU
	EndGlobalSection
	GlobalSection(SolutionProperties) = preSolution
		HideSolutionNode = FALSE
	EndGlobalSection
	GlobalSection(ExtensibilityGlobals) = postSolution
		SolutionGuid = {8A338D46-A3AB-40D1-9050-EEC6730F9D37}
	EndGlobalSection
EndGlobal
