
Microsoft Visual Studio Solution File, Format Version 12.00
# Visual Studio 15
VisualStudioVersion = 15.0.27703.2026
MinimumVisualStudioVersion = 10.0.40219.1
Project("{9A19103F-16F7-4668-BE54-9A1E7A4F7556}") = "Variables", "Variables\Variables.csproj", "{CFCE7F4C-379D-488F-87A2-05B84B4EE183}"
EndProject
Global
	GlobalSection(SolutionConfigurationPlatforms) = preSolution
		Debug|Any CPU = Debug|Any CPU
		Release|Any CPU = Release|Any CPU
	EndGlobalSection
	GlobalSection(ProjectConfigurationPlatforms) = postSolution
		{CFCE7F4C-379D-488F-87A2-05B84B4EE183}.Debug|Any CPU.ActiveCfg = Debug|Any CPU
		{CFCE7F4C-379D-488F-87A2-05B84B4EE183}.Debug|Any CPU.Build.0 = Debug|Any CPU
		{CFCE7F4C-379D-488F-87A2-05B84B4EE183}.Release|Any CPU.ActiveCfg = Release|Any CPU
		{CFCE7F4C-379D-488F-87A2-05B84B4EE183}.Release|Any CPU.Build.0 = Release|Any CPU
	EndGlobalSection
	GlobalSection(SolutionProperties) = preSolution
		HideSolutionNode = FALSE
	EndGlobalSection
	GlobalSection(ExtensibilityGlobals) = postSolution
		SolutionGuid = {5C56F67A-D676-459B-A36C-9587F68A2E42}
	EndGlobalSection
EndGlobal
