
Microsoft Visual Studio Solution File, Format Version 12.00
# Visual Studio 15
VisualStudioVersion = 15.0.27703.2026
MinimumVisualStudioVersion = 10.0.40219.1
Project("{FAE04EC0-301F-11D3-BF4B-00C04F79EFBC}") = "3.Test_1", "3.Test_1\3.Test_1.csproj", "{3AB3703E-6575-48F1-9210-102B939947CF}"
EndProject
Global
	GlobalSection(SolutionConfigurationPlatforms) = preSolution
		Debug|Any CPU = Debug|Any CPU
		Release|Any CPU = Release|Any CPU
	EndGlobalSection
	GlobalSection(ProjectConfigurationPlatforms) = postSolution
		{3AB3703E-6575-48F1-9210-102B939947CF}.Debug|Any CPU.ActiveCfg = Debug|Any CPU
		{3AB3703E-6575-48F1-9210-102B939947CF}.Debug|Any CPU.Build.0 = Debug|Any CPU
		{3AB3703E-6575-48F1-9210-102B939947CF}.Release|Any CPU.ActiveCfg = Release|Any CPU
		{3AB3703E-6575-48F1-9210-102B939947CF}.Release|Any CPU.Build.0 = Release|Any CPU
	EndGlobalSection
	GlobalSection(SolutionProperties) = preSolution
		HideSolutionNode = FALSE
	EndGlobalSection
	GlobalSection(ExtensibilityGlobals) = postSolution
		SolutionGuid = {4B59F806-F3A0-407A-93EF-84BB428559EB}
	EndGlobalSection
EndGlobal
