
Microsoft Visual Studio Solution File, Format Version 12.00
# Visual Studio 15
VisualStudioVersion = 15.0.27703.2026
MinimumVisualStudioVersion = 10.0.40219.1
Project("{FAE04EC0-301F-11D3-BF4B-00C04F79EFBC}") = "Test_2", "Test_2\Test_2.csproj", "{C1E79B67-742F-41E0-A026-72298E9C34E8}"
EndProject
Global
	GlobalSection(SolutionConfigurationPlatforms) = preSolution
		Debug|Any CPU = Debug|Any CPU
		Release|Any CPU = Release|Any CPU
	EndGlobalSection
	GlobalSection(ProjectConfigurationPlatforms) = postSolution
		{C1E79B67-742F-41E0-A026-72298E9C34E8}.Debug|Any CPU.ActiveCfg = Debug|Any CPU
		{C1E79B67-742F-41E0-A026-72298E9C34E8}.Debug|Any CPU.Build.0 = Debug|Any CPU
		{C1E79B67-742F-41E0-A026-72298E9C34E8}.Release|Any CPU.ActiveCfg = Release|Any CPU
		{C1E79B67-742F-41E0-A026-72298E9C34E8}.Release|Any CPU.Build.0 = Release|Any CPU
	EndGlobalSection
	GlobalSection(SolutionProperties) = preSolution
		HideSolutionNode = FALSE
	EndGlobalSection
	GlobalSection(ExtensibilityGlobals) = postSolution
		SolutionGuid = {0598A4F8-7149-40A2-A26F-494EE4F0401C}
	EndGlobalSection
EndGlobal
